{
  "object": {
    "pins": [
      {
        "package": "SwiftSyntax",
        "repositoryURL": "git@github.com:apple/swift-syntax.git",
        "state": {
          "branch": "release/5.4",
          "revision": "d81b6a6dc2698a93dcc04304fb15a5446b5278a4",
          "version": null
        }
      }
    ]
  },
  "version": 1
}
