// !$*UTF8*$!
{
	archiveVersion = 1;
	classes = {
	};
	objectVersion = 50;
	objects = {

/* Begin PBXBuildFile section */
		9BB15AED26A44392009C7885 /* AppDelegate.swift in Sources */ = {isa = PBXBuildFile; fileRef = 9BB15AEC26A44392009C7885 /* AppDelegate.swift */; };
		9BB15AEF26A44392009C7885 /* ViewController.swift in Sources */ = {isa = PBXBuildFile; fileRef = 9BB15AEE26A44392009C7885 /* ViewController.swift */; };
		9BB15AF126A44393009C7885 /* Assets.xcassets in Resources */ = {isa = PBXBuildFile; fileRef = 9BB15AF026A44393009C7885 /* Assets.xcassets */; };
		9BB15AF426A44393009C7885 /* Main.storyboard in Resources */ = {isa = PBXBuildFile; fileRef = 9BB15AF226A44393009C7885 /* Main.storyboard */; };
		9BB15B1B26A4914C009C7885 /* Cocoa.framework in Frameworks */ = {isa = PBXBuildFile; fileRef = 9BB15B1A26A4914C009C7885 /* Cocoa.framework */; };
		9BB15B2026A4914C009C7885 /* SourceEditorExtension.swift in Sources */ = {isa = PBXBuildFile; fileRef = 9BB15B1F26A4914C009C7885 /* SourceEditorExtension.swift */; };
		9BB15B2226A4914C009C7885 /* JSONToMappableCommand.swift in Sources */ = {isa = PBXBuildFile; fileRef = 9BB15B2126A4914C009C7885 /* JSONToMappableCommand.swift */; };
		9BB15B2726A4914C009C7885 /* MappingCoderExtension.appex in Embed App Extensions */ = {isa = PBXBuildFile; fileRef = 9BB15B1826A4914C009C7885 /* MappingCoderExtension.appex */; settings = {ATTRIBUTES = (RemoveHeadersOnCopy, ); }; };
		9BB15B2D26A4923A009C7885 /* XcodeKit.framework in Frameworks */ = {isa = PBXBuildFile; fileRef = 9BB15B2C26A4923A009C7885 /* XcodeKit.framework */; };
		9BB15B2F26A4924A009C7885 /* XcodeKit.framework in Embed Framework */ = {isa = PBXBuildFile; fileRef = 9BB15B2C26A4923A009C7885 /* XcodeKit.framework */; settings = {ATTRIBUTES = (CodeSignOnCopy, RemoveHeadersOnCopy, ); }; };
		9BB15B3126A52145009C7885 /* Extension.swift in Sources */ = {isa = PBXBuildFile; fileRef = 9BB15B3026A52145009C7885 /* Extension.swift */; };
		9BB15B3326A5DCE0009C7885 /* Indentation.swift in Sources */ = {isa = PBXBuildFile; fileRef = 9BB15B3226A5DCE0009C7885 /* Indentation.swift */; };
		9BB15B5726A98D6A009C7885 /* JSONToImmutableMappableCommand.swift in Sources */ = {isa = PBXBuildFile; fileRef = 9BB15B5626A98D6A009C7885 /* JSONToImmutableMappableCommand.swift */; };
		9BB15B5926A99207009C7885 /* PropertyDeclaration.swift in Sources */ = {isa = PBXBuildFile; fileRef = 9BB15B5826A99207009C7885 /* PropertyDeclaration.swift */; };
		9BB15B5B26A99D92009C7885 /* Utils.swift in Sources */ = {isa = PBXBuildFile; fileRef = 9BB15B5A26A99D92009C7885 /* Utils.swift */; };
		9BB15B5D26AAC1E9009C7885 /* TryMapValueExpression.swift in Sources */ = {isa = PBXBuildFile; fileRef = 9BB15B5C26AAC1E9009C7885 /* TryMapValueExpression.swift */; };
		9BB15B5F26AACA8F009C7885 /* MappingExpression.swift in Sources */ = {isa = PBXBuildFile; fileRef = 9BB15B5E26AACA8F009C7885 /* MappingExpression.swift */; };
/* End PBXBuildFile section */

/* Begin PBXContainerItemProxy section */
		9BB15B2526A4914C009C7885 /* PBXContainerItemProxy */ = {
			isa = PBXContainerItemProxy;
			containerPortal = 9BB15AE126A44392009C7885 /* Project object */;
			proxyType = 1;
			remoteGlobalIDString = 9BB15B1726A4914C009C7885;
			remoteInfo = MappingCoderExtension;
		};
/* End PBXContainerItemProxy section */

/* Begin PBXCopyFilesBuildPhase section */
		9BB15B2826A4914C009C7885 /* Embed App Extensions */ = {
			isa = PBXCopyFilesBuildPhase;
			buildActionMask = 2147483647;
			dstPath = "";
			dstSubfolderSpec = 13;
			files = (
				9BB15B2726A4914C009C7885 /* MappingCoderExtension.appex in Embed App Extensions */,
			);
			name = "Embed App Extensions";
			runOnlyForDeploymentPostprocessing = 0;
		};
		9BB15B2E26A49240009C7885 /* Embed Framework */ = {
			isa = PBXCopyFilesBuildPhase;
			buildActionMask = 2147483647;
			dstPath = "";
			dstSubfolderSpec = 10;
			files = (
				9BB15B2F26A4924A009C7885 /* XcodeKit.framework in Embed Framework */,
			);
			name = "Embed Framework";
			runOnlyForDeploymentPostprocessing = 0;
		};
/* End PBXCopyFilesBuildPhase section */

/* Begin PBXFileReference section */
		9BB15AE926A44392009C7885 /* MappingCoder.app */ = {isa = PBXFileReference; explicitFileType = wrapper.application; includeInIndex = 0; path = MappingCoder.app; sourceTree = BUILT_PRODUCTS_DIR; };
		9BB15AEC26A44392009C7885 /* AppDelegate.swift */ = {isa = PBXFileReference; lastKnownFileType = sourcecode.swift; path = AppDelegate.swift; sourceTree = "<group>"; };
		9BB15AEE26A44392009C7885 /* ViewController.swift */ = {isa = PBXFileReference; lastKnownFileType = sourcecode.swift; path = ViewController.swift; sourceTree = "<group>"; };
		9BB15AF026A44393009C7885 /* Assets.xcassets */ = {isa = PBXFileReference; lastKnownFileType = folder.assetcatalog; path = Assets.xcassets; sourceTree = "<group>"; };
		9BB15AF326A44393009C7885 /* Base */ = {isa = PBXFileReference; lastKnownFileType = file.storyboard; name = Base; path = Base.lproj/Main.storyboard; sourceTree = "<group>"; };
		9BB15AF526A44393009C7885 /* Info.plist */ = {isa = PBXFileReference; lastKnownFileType = text.plist.xml; path = Info.plist; sourceTree = "<group>"; };
		9BB15AF626A44393009C7885 /* MappingCoder.entitlements */ = {isa = PBXFileReference; lastKnownFileType = text.plist.entitlements; path = MappingCoder.entitlements; sourceTree = "<group>"; };
		9BB15B1826A4914C009C7885 /* MappingCoderExtension.appex */ = {isa = PBXFileReference; explicitFileType = "wrapper.app-extension"; includeInIndex = 0; path = MappingCoderExtension.appex; sourceTree = BUILT_PRODUCTS_DIR; };
		9BB15B1A26A4914C009C7885 /* Cocoa.framework */ = {isa = PBXFileReference; lastKnownFileType = wrapper.framework; name = Cocoa.framework; path = System/Library/Frameworks/Cocoa.framework; sourceTree = SDKROOT; };
		9BB15B1F26A4914C009C7885 /* SourceEditorExtension.swift */ = {isa = PBXFileReference; lastKnownFileType = sourcecode.swift; path = SourceEditorExtension.swift; sourceTree = "<group>"; };
		9BB15B2126A4914C009C7885 /* JSONToMappableCommand.swift */ = {isa = PBXFileReference; lastKnownFileType = sourcecode.swift; path = JSONToMappableCommand.swift; sourceTree = "<group>"; };
		9BB15B2326A4914C009C7885 /* Info.plist */ = {isa = PBXFileReference; lastKnownFileType = text.plist.xml; path = Info.plist; sourceTree = "<group>"; };
		9BB15B2426A4914C009C7885 /* MappingCoderExtension.entitlements */ = {isa = PBXFileReference; lastKnownFileType = text.plist.entitlements; path = MappingCoderExtension.entitlements; sourceTree = "<group>"; };
		9BB15B2C26A4923A009C7885 /* XcodeKit.framework */ = {isa = PBXFileReference; lastKnownFileType = wrapper.framework; name = XcodeKit.framework; path = Library/Frameworks/XcodeKit.framework; sourceTree = DEVELOPER_DIR; };
		9BB15B3026A52145009C7885 /* Extension.swift */ = {isa = PBXFileReference; lastKnownFileType = sourcecode.swift; path = Extension.swift; sourceTree = "<group>"; };
		9BB15B3226A5DCE0009C7885 /* Indentation.swift */ = {isa = PBXFileReference; lastKnownFileType = sourcecode.swift; path = Indentation.swift; sourceTree = "<group>"; };
		9BB15B5626A98D6A009C7885 /* JSONToImmutableMappableCommand.swift */ = {isa = PBXFileReference; lastKnownFileType = sourcecode.swift; path = JSONToImmutableMappableCommand.swift; sourceTree = "<group>"; };
		9BB15B5826A99207009C7885 /* PropertyDeclaration.swift */ = {isa = PBXFileReference; lastKnownFileType = sourcecode.swift; path = PropertyDeclaration.swift; sourceTree = "<group>"; };
		9BB15B5A26A99D92009C7885 /* Utils.swift */ = {isa = PBXFileReference; lastKnownFileType = sourcecode.swift; path = Utils.swift; sourceTree = "<group>"; };
		9BB15B5C26AAC1E9009C7885 /* TryMapValueExpression.swift */ = {isa = PBXFileReference; lastKnownFileType = sourcecode.swift; path = TryMapValueExpression.swift; sourceTree = "<group>"; };
		9BB15B5E26AACA8F009C7885 /* MappingExpression.swift */ = {isa = PBXFileReference; lastKnownFileType = sourcecode.swift; path = MappingExpression.swift; sourceTree = "<group>"; };
/* End PBXFileReference section */

/* Begin PBXFrameworksBuildPhase section */
		9BB15AE626A44392009C7885 /* Frameworks */ = {
			isa = PBXFrameworksBuildPhase;
			buildActionMask = 2147483647;
			files = (
			);
			runOnlyForDeploymentPostprocessing = 0;
		};
		9BB15B1526A4914C009C7885 /* Frameworks */ = {
			isa = PBXFrameworksBuildPhase;
			buildActionMask = 2147483647;
			files = (
				9BB15B2D26A4923A009C7885 /* XcodeKit.framework in Frameworks */,
				9BB15B1B26A4914C009C7885 /* Cocoa.framework in Frameworks */,
			);
			runOnlyForDeploymentPostprocessing = 0;
		};
/* End PBXFrameworksBuildPhase section */

/* Begin PBXGroup section */
		9BB15AE026A44392009C7885 = {
			isa = PBXGroup;
			children = (
				9BB15AEB26A44392009C7885 /* MappingCoder */,
				9BB15B1E26A4914C009C7885 /* MappingCoderExtension */,
				9BB15B1926A4914C009C7885 /* Frameworks */,
				9BB15AEA26A44392009C7885 /* Products */,
			);
			sourceTree = "<group>";
		};
		9BB15AEA26A44392009C7885 /* Products */ = {
			isa = PBXGroup;
			children = (
				9BB15AE926A44392009C7885 /* MappingCoder.app */,
				9BB15B1826A4914C009C7885 /* MappingCoderExtension.appex */,
			);
			name = Products;
			sourceTree = "<group>";
		};
		9BB15AEB26A44392009C7885 /* MappingCoder */ = {
			isa = PBXGroup;
			children = (
				9BB15AEC26A44392009C7885 /* AppDelegate.swift */,
				9BB15AEE26A44392009C7885 /* ViewController.swift */,
				9BB15AF026A44393009C7885 /* Assets.xcassets */,
				9BB15AF226A44393009C7885 /* Main.storyboard */,
				9BB15AF526A44393009C7885 /* Info.plist */,
				9BB15AF626A44393009C7885 /* MappingCoder.entitlements */,
			);
			path = MappingCoder;
			sourceTree = "<group>";
		};
		9BB15B1926A4914C009C7885 /* Frameworks */ = {
			isa = PBXGroup;
			children = (
				9BB15B2C26A4923A009C7885 /* XcodeKit.framework */,
				9BB15B1A26A4914C009C7885 /* Cocoa.framework */,
			);
			name = Frameworks;
			sourceTree = "<group>";
		};
		9BB15B1E26A4914C009C7885 /* MappingCoderExtension */ = {
			isa = PBXGroup;
			children = (
				9BB15B1F26A4914C009C7885 /* SourceEditorExtension.swift */,
				9BB15B2126A4914C009C7885 /* JSONToMappableCommand.swift */,
				9BB15B5626A98D6A009C7885 /* JSONToImmutableMappableCommand.swift */,
				9BB15B5A26A99D92009C7885 /* Utils.swift */,
				9BB15B5826A99207009C7885 /* PropertyDeclaration.swift */,
				9BB15B5C26AAC1E9009C7885 /* TryMapValueExpression.swift */,
				9BB15B5E26AACA8F009C7885 /* MappingExpression.swift */,
				9BB15B3226A5DCE0009C7885 /* Indentation.swift */,
				9BB15B3026A52145009C7885 /* Extension.swift */,
				9BB15B2326A4914C009C7885 /* Info.plist */,
				9BB15B2426A4914C009C7885 /* MappingCoderExtension.entitlements */,
			);
			path = MappingCoderExtension;
			sourceTree = "<group>";
		};
/* End PBXGroup section */

/* Begin PBXNativeTarget section */
		9BB15AE826A44392009C7885 /* MappingCoder */ = {
			isa = PBXNativeTarget;
			buildConfigurationList = 9BB15AF926A44393009C7885 /* Build configuration list for PBXNativeTarget "MappingCoder" */;
			buildPhases = (
				9BB15AE526A44392009C7885 /* Sources */,
				9BB15AE626A44392009C7885 /* Frameworks */,
				9BB15AE726A44392009C7885 /* Resources */,
				9BB15B2826A4914C009C7885 /* Embed App Extensions */,
			);
			buildRules = (
			);
			dependencies = (
				9BB15B2626A4914C009C7885 /* PBXTargetDependency */,
			);
			name = MappingCoder;
			productName = MappingCoder;
			productReference = 9BB15AE926A44392009C7885 /* MappingCoder.app */;
			productType = "com.apple.product-type.application";
		};
		9BB15B1726A4914C009C7885 /* MappingCoderExtension */ = {
			isa = PBXNativeTarget;
			buildConfigurationList = 9BB15B2B26A4914C009C7885 /* Build configuration list for PBXNativeTarget "MappingCoderExtension" */;
			buildPhases = (
				9BB15B1426A4914C009C7885 /* Sources */,
				9BB15B1526A4914C009C7885 /* Frameworks */,
				9BB15B1626A4914C009C7885 /* Resources */,
				9BB15B2E26A49240009C7885 /* Embed Framework */,
			);
			buildRules = (
			);
			dependencies = (
			);
			name = MappingCoderExtension;
			productName = MappingCoderExtension;
			productReference = 9BB15B1826A4914C009C7885 /* MappingCoderExtension.appex */;
			productType = "com.apple.product-type.xcode-extension";
		};
/* End PBXNativeTarget section */

/* Begin PBXProject section */
		9BB15AE126A44392009C7885 /* Project object */ = {
			isa = PBXProject;
			attributes = {
				LastSwiftUpdateCheck = 1250;
				LastUpgradeCheck = 1250;
				TargetAttributes = {
					9BB15AE826A44392009C7885 = {
						CreatedOnToolsVersion = 12.5;
					};
					9BB15B1726A4914C009C7885 = {
						CreatedOnToolsVersion = 12.5;
					};
				};
			};
			buildConfigurationList = 9BB15AE426A44392009C7885 /* Build configuration list for PBXProject "MappingCoder" */;
			compatibilityVersion = "Xcode 9.3";
			developmentRegion = en;
			hasScannedForEncodings = 0;
			knownRegions = (
				en,
				Base,
			);
			mainGroup = 9BB15AE026A44392009C7885;
			productRefGroup = 9BB15AEA26A44392009C7885 /* Products */;
			projectDirPath = "";
			projectRoot = "";
			targets = (
				9BB15AE826A44392009C7885 /* MappingCoder */,
				9BB15B1726A4914C009C7885 /* MappingCoderExtension */,
			);
		};
/* End PBXProject section */

/* Begin PBXResourcesBuildPhase section */
		9BB15AE726A44392009C7885 /* Resources */ = {
			isa = PBXResourcesBuildPhase;
			buildActionMask = 2147483647;
			files = (
				9BB15AF126A44393009C7885 /* Assets.xcassets in Resources */,
				9BB15AF426A44393009C7885 /* Main.storyboard in Resources */,
			);
			runOnlyForDeploymentPostprocessing = 0;
		};
		9BB15B1626A4914C009C7885 /* Resources */ = {
			isa = PBXResourcesBuildPhase;
			buildActionMask = 2147483647;
			files = (
			);
			runOnlyForDeploymentPostprocessing = 0;
		};
/* End PBXResourcesBuildPhase section */

/* Begin PBXSourcesBuildPhase section */
		9BB15AE526A44392009C7885 /* Sources */ = {
			isa = PBXSourcesBuildPhase;
			buildActionMask = 2147483647;
			files = (
				9BB15AEF26A44392009C7885 /* ViewController.swift in Sources */,
				9BB15AED26A44392009C7885 /* AppDelegate.swift in Sources */,
			);
			runOnlyForDeploymentPostprocessing = 0;
		};
		9BB15B1426A4914C009C7885 /* Sources */ = {
			isa = PBXSourcesBuildPhase;
			buildActionMask = 2147483647;
			files = (
				9BB15B5D26AAC1E9009C7885 /* TryMapValueExpression.swift in Sources */,
				9BB15B5726A98D6A009C7885 /* JSONToImmutableMappableCommand.swift in Sources */,
				9BB15B3126A52145009C7885 /* Extension.swift in Sources */,
				9BB15B3326A5DCE0009C7885 /* Indentation.swift in Sources */,
				9BB15B5F26AACA8F009C7885 /* MappingExpression.swift in Sources */,
				9BB15B5B26A99D92009C7885 /* Utils.swift in Sources */,
				9BB15B5926A99207009C7885 /* PropertyDeclaration.swift in Sources */,
				9BB15B2026A4914C009C7885 /* SourceEditorExtension.swift in Sources */,
				9BB15B2226A4914C009C7885 /* JSONToMappableCommand.swift in Sources */,
			);
			runOnlyForDeploymentPostprocessing = 0;
		};
/* End PBXSourcesBuildPhase section */

/* Begin PBXTargetDependency section */
		9BB15B2626A4914C009C7885 /* PBXTargetDependency */ = {
			isa = PBXTargetDependency;
			target = 9BB15B1726A4914C009C7885 /* MappingCoderExtension */;
			targetProxy = 9BB15B2526A4914C009C7885 /* PBXContainerItemProxy */;
		};
/* End PBXTargetDependency section */

/* Begin PBXVariantGroup section */
		9BB15AF226A44393009C7885 /* Main.storyboard */ = {
			isa = PBXVariantGroup;
			children = (
				9BB15AF326A44393009C7885 /* Base */,
			);
			name = Main.storyboard;
			sourceTree = "<group>";
		};
/* End PBXVariantGroup section */

/* Begin XCBuildConfiguration section */
		9BB15AF726A44393009C7885 /* Debug */ = {
			isa = XCBuildConfiguration;
			buildSettings = {
				ALWAYS_SEARCH_USER_PATHS = NO;
				CLANG_ANALYZER_NONNULL = YES;
				CLANG_ANALYZER_NUMBER_OBJECT_CONVERSION = YES_AGGRESSIVE;
				CLANG_CXX_LANGUAGE_STANDARD = "gnu++14";
				CLANG_CXX_LIBRARY = "libc++";
				CLANG_ENABLE_MODULES = YES;
				CLANG_ENABLE_OBJC_ARC = YES;
				CLANG_ENABLE_OBJC_WEAK = YES;
				CLANG_WARN_BLOCK_CAPTURE_AUTORELEASING = YES;
				CLANG_WARN_BOOL_CONVERSION = YES;
				CLANG_WARN_COMMA = YES;
				CLANG_WARN_CONSTANT_CONVERSION = YES;
				CLANG_WARN_DEPRECATED_OBJC_IMPLEMENTATIONS = YES;
				CLANG_WARN_DIRECT_OBJC_ISA_USAGE = YES_ERROR;
				CLANG_WARN_DOCUMENTATION_COMMENTS = YES;
				CLANG_WARN_EMPTY_BODY = YES;
				CLANG_WARN_ENUM_CONVERSION = YES;
				CLANG_WARN_INFINITE_RECURSION = YES;
				CLANG_WARN_INT_CONVERSION = YES;
				CLANG_WARN_NON_LITERAL_NULL_CONVERSION = YES;
				CLANG_WARN_OBJC_IMPLICIT_RETAIN_SELF = YES;
				CLANG_WARN_OBJC_LITERAL_CONVERSION = YES;
				CLANG_WARN_OBJC_ROOT_CLASS = YES_ERROR;
				CLANG_WARN_QUOTED_INCLUDE_IN_FRAMEWORK_HEADER = YES;
				CLANG_WARN_RANGE_LOOP_ANALYSIS = YES;
				CLANG_WARN_STRICT_PROTOTYPES = YES;
				CLANG_WARN_SUSPICIOUS_MOVE = YES;
				CLANG_WARN_UNGUARDED_AVAILABILITY = YES_AGGRESSIVE;
				CLANG_WARN_UNREACHABLE_CODE = YES;
				CLANG_WARN__DUPLICATE_METHOD_MATCH = YES;
				COPY_PHASE_STRIP = NO;
				DEBUG_INFORMATION_FORMAT = dwarf;
				ENABLE_STRICT_OBJC_MSGSEND = YES;
				ENABLE_TESTABILITY = YES;
				GCC_C_LANGUAGE_STANDARD = gnu11;
				GCC_DYNAMIC_NO_PIC = NO;
				GCC_NO_COMMON_BLOCKS = YES;
				GCC_OPTIMIZATION_LEVEL = 0;
				GCC_PREPROCESSOR_DEFINITIONS = (
					"DEBUG=1",
					"$(inherited)",
				);
				GCC_WARN_64_TO_32_BIT_CONVERSION = YES;
				GCC_WARN_ABOUT_RETURN_TYPE = YES_ERROR;
				GCC_WARN_UNDECLARED_SELECTOR = YES;
				GCC_WARN_UNINITIALIZED_AUTOS = YES_AGGRESSIVE;
				GCC_WARN_UNUSED_FUNCTION = YES;
				GCC_WARN_UNUSED_VARIABLE = YES;
				MACOSX_DEPLOYMENT_TARGET = 11.1;
				MTL_ENABLE_DEBUG_INFO = INCLUDE_SOURCE;
				MTL_FAST_MATH = YES;
				ONLY_ACTIVE_ARCH = YES;
				SDKROOT = macosx;
				SWIFT_ACTIVE_COMPILATION_CONDITIONS = DEBUG;
				SWIFT_OPTIMIZATION_LEVEL = "-Onone";
			};
			name = Debug;
		};
		9BB15AF826A44393009C7885 /* Release */ = {
			isa = XCBuildConfiguration;
			buildSettings = {
				ALWAYS_SEARCH_USER_PATHS = NO;
				CLANG_ANALYZER_NONNULL = YES;
				CLANG_ANALYZER_NUMBER_OBJECT_CONVERSION = YES_AGGRESSIVE;
				CLANG_CXX_LANGUAGE_STANDARD = "gnu++14";
				CLANG_CXX_LIBRARY = "libc++";
				CLANG_ENABLE_MODULES = YES;
				CLANG_ENABLE_OBJC_ARC = YES;
				CLANG_ENABLE_OBJC_WEAK = YES;
				CLANG_WARN_BLOCK_CAPTURE_AUTORELEASING = YES;
				CLANG_WARN_BOOL_CONVERSION = YES;
				CLANG_WARN_COMMA = YES;
				CLANG_WARN_CONSTANT_CONVERSION = YES;
				CLANG_WARN_DEPRECATED_OBJC_IMPLEMENTATIONS = YES;
				CLANG_WARN_DIRECT_OBJC_ISA_USAGE = YES_ERROR;
				CLANG_WARN_DOCUMENTATION_COMMENTS = YES;
				CLANG_WARN_EMPTY_BODY = YES;
				CLANG_WARN_ENUM_CONVERSION = YES;
				CLANG_WARN_INFINITE_RECURSION = YES;
				CLANG_WARN_INT_CONVERSION = YES;
				CLANG_WARN_NON_LITERAL_NULL_CONVERSION = YES;
				CLANG_WARN_OBJC_IMPLICIT_RETAIN_SELF = YES;
				CLANG_WARN_OBJC_LITERAL_CONVERSION = YES;
				CLANG_WARN_OBJC_ROOT_CLASS = YES_ERROR;
				CLANG_WARN_QUOTED_INCLUDE_IN_FRAMEWORK_HEADER = YES;
				CLANG_WARN_RANGE_LOOP_ANALYSIS = YES;
				CLANG_WARN_STRICT_PROTOTYPES = YES;
				CLANG_WARN_SUSPICIOUS_MOVE = YES;
				CLANG_WARN_UNGUARDED_AVAILABILITY = YES_AGGRESSIVE;
				CLANG_WARN_UNREACHABLE_CODE = YES;
				CLANG_WARN__DUPLICATE_METHOD_MATCH = YES;
				COPY_PHASE_STRIP = NO;
				DEBUG_INFORMATION_FORMAT = "dwarf-with-dsym";
				ENABLE_NS_ASSERTIONS = NO;
				ENABLE_STRICT_OBJC_MSGSEND = YES;
				GCC_C_LANGUAGE_STANDARD = gnu11;
				GCC_NO_COMMON_BLOCKS = YES;
				GCC_WARN_64_TO_32_BIT_CONVERSION = YES;
				GCC_WARN_ABOUT_RETURN_TYPE = YES_ERROR;
				GCC_WARN_UNDECLARED_SELECTOR = YES;
				GCC_WARN_UNINITIALIZED_AUTOS = YES_AGGRESSIVE;
				GCC_WARN_UNUSED_FUNCTION = YES;
				GCC_WARN_UNUSED_VARIABLE = YES;
				MACOSX_DEPLOYMENT_TARGET = 11.1;
				MTL_ENABLE_DEBUG_INFO = NO;
				MTL_FAST_MATH = YES;
				SDKROOT = macosx;
				SWIFT_COMPILATION_MODE = wholemodule;
				SWIFT_OPTIMIZATION_LEVEL = "-O";
			};
			name = Release;
		};
		9BB15AFA26A44393009C7885 /* Debug */ = {
			isa = XCBuildConfiguration;
			buildSettings = {
				ALWAYS_EMBED_SWIFT_STANDARD_LIBRARIES = YES;
				ASSETCATALOG_COMPILER_APPICON_NAME = AppIcon;
				ASSETCATALOG_COMPILER_GLOBAL_ACCENT_COLOR_NAME = AccentColor;
				CODE_SIGN_ENTITLEMENTS = MappingCoder/MappingCoder.entitlements;
				CODE_SIGN_STYLE = Automatic;
				COMBINE_HIDPI_IMAGES = YES;
				DEVELOPMENT_TEAM = 83JLR2XBG3;
				ENABLE_HARDENED_RUNTIME = YES;
				INFOPLIST_FILE = MappingCoder/Info.plist;
				LD_RUNPATH_SEARCH_PATHS = (
					"$(inherited)",
					"@executable_path/../Frameworks",
				);
				PRODUCT_BUNDLE_IDENTIFIER = com.wgy.MappingCoder;
				PRODUCT_NAME = "$(TARGET_NAME)";
				SWIFT_VERSION = 5.0;
			};
			name = Debug;
		};
		9BB15AFB26A44393009C7885 /* Release */ = {
			isa = XCBuildConfiguration;
			buildSettings = {
				ALWAYS_EMBED_SWIFT_STANDARD_LIBRARIES = YES;
				ASSETCATALOG_COMPILER_APPICON_NAME = AppIcon;
				ASSETCATALOG_COMPILER_GLOBAL_ACCENT_COLOR_NAME = AccentColor;
				CODE_SIGN_ENTITLEMENTS = MappingCoder/MappingCoder.entitlements;
				CODE_SIGN_STYLE = Automatic;
				COMBINE_HIDPI_IMAGES = YES;
				DEVELOPMENT_TEAM = 83JLR2XBG3;
				ENABLE_HARDENED_RUNTIME = YES;
				INFOPLIST_FILE = MappingCoder/Info.plist;
				LD_RUNPATH_SEARCH_PATHS = (
					"$(inherited)",
					"@executable_path/../Frameworks",
				);
				PRODUCT_BUNDLE_IDENTIFIER = com.wgy.MappingCoder;
				PRODUCT_NAME = "$(TARGET_NAME)";
				SWIFT_VERSION = 5.0;
			};
			name = Release;
		};
		9BB15B2926A4914C009C7885 /* Debug */ = {
			isa = XCBuildConfiguration;
			buildSettings = {
				CODE_SIGN_ENTITLEMENTS = MappingCoderExtension/MappingCoderExtension.entitlements;
				CODE_SIGN_STYLE = Automatic;
				COMBINE_HIDPI_IMAGES = YES;
				DEVELOPMENT_TEAM = 83JLR2XBG3;
				ENABLE_HARDENED_RUNTIME = YES;
				INFOPLIST_FILE = MappingCoderExtension/Info.plist;
				LD_RUNPATH_SEARCH_PATHS = (
					"$(inherited)",
					"@executable_path/../Frameworks",
					"@executable_path/../../../../Frameworks",
				);
				PRODUCT_BUNDLE_IDENTIFIER = com.wgy.MappingCoder.MappingCoderExtension;
				PRODUCT_NAME = "$(TARGET_NAME)";
				SKIP_INSTALL = YES;
				SWIFT_VERSION = 5.0;
			};
			name = Debug;
		};
		9BB15B2A26A4914C009C7885 /* Release */ = {
			isa = XCBuildConfiguration;
			buildSettings = {
				CODE_SIGN_ENTITLEMENTS = MappingCoderExtension/MappingCoderExtension.entitlements;
				CODE_SIGN_STYLE = Automatic;
				COMBINE_HIDPI_IMAGES = YES;
				DEVELOPMENT_TEAM = 83JLR2XBG3;
				ENABLE_HARDENED_RUNTIME = YES;
				INFOPLIST_FILE = MappingCoderExtension/Info.plist;
				LD_RUNPATH_SEARCH_PATHS = (
					"$(inherited)",
					"@executable_path/../Frameworks",
					"@executable_path/../../../../Frameworks",
				);
				PRODUCT_BUNDLE_IDENTIFIER = com.wgy.MappingCoder.MappingCoderExtension;
				PRODUCT_NAME = "$(TARGET_NAME)";
				SKIP_INSTALL = YES;
				SWIFT_VERSION = 5.0;
			};
			name = Release;
		};
/* End XCBuildConfiguration section */

/* Begin XCConfigurationList section */
		9BB15AE426A44392009C7885 /* Build configuration list for PBXProject "MappingCoder" */ = {
			isa = XCConfigurationList;
			buildConfigurations = (
				9BB15AF726A44393009C7885 /* Debug */,
				9BB15AF826A44393009C7885 /* Release */,
			);
			defaultConfigurationIsVisible = 0;
			defaultConfigurationName = Release;
		};
		9BB15AF926A44393009C7885 /* Build configuration list for PBXNativeTarget "MappingCoder" */ = {
			isa = XCConfigurationList;
			buildConfigurations = (
				9BB15AFA26A44393009C7885 /* Debug */,
				9BB15AFB26A44393009C7885 /* Release */,
			);
			defaultConfigurationIsVisible = 0;
			defaultConfigurationName = Release;
		};
		9BB15B2B26A4914C009C7885 /* Build configuration list for PBXNativeTarget "MappingCoderExtension" */ = {
			isa = XCConfigurationList;
			buildConfigurations = (
				9BB15B2926A4914C009C7885 /* Debug */,
				9BB15B2A26A4914C009C7885 /* Release */,
			);
			defaultConfigurationIsVisible = 0;
			defaultConfigurationName = Release;
		};
/* End XCConfigurationList section */
	};
	rootObject = 9BB15AE126A44392009C7885 /* Project object */;
}
